
Microsoft Visual Studio Solution File, Format Version 12.00
# Visual Studio Version 17
VisualStudioVersion = 17.9.34518.117
MinimumVisualStudioVersion = 10.0.40219.1
Project("{FAE04EC0-301F-11D3-BF4B-00C04F79EFBC}") = "WebServer", "WebServer\WebServer.csproj", "{B507D30B-127F-4707-8F51-F27D8E88D0F2}"
EndProject
Project("{FAE04EC0-301F-11D3-BF4B-00C04F79EFBC}") = "WebClient", "WebClient\WebClient.csproj", "{8FC37FD6-0DCF-4295-946D-0B186DDF74A6}"
EndProject
Global
	GlobalSection(SolutionConfigurationPlatforms) = preSolution
		Debug|Any CPU = Debug|Any CPU
		Release|Any CPU = Release|Any CPU
	EndGlobalSection
	GlobalSection(ProjectConfigurationPlatforms) = postSolution
		{B507D30B-127F-4707-8F51-F27D8E88D0F2}.Debug|Any CPU.ActiveCfg = Debug|Any CPU
		{B507D30B-127F-4707-8F51-F27D8E88D0F2}.Debug|Any CPU.Build.0 = Debug|Any CPU
		{B507D30B-127F-4707-8F51-F27D8E88D0F2}.Release|Any CPU.ActiveCfg = Release|Any CPU
		{B507D30B-127F-4707-8F51-F27D8E88D0F2}.Release|Any CPU.Build.0 = Release|Any CPU
		{8FC37FD6-0DCF-4295-946D-0B186DDF74A6}.Debug|Any CPU.ActiveCfg = Debug|Any CPU
		{8FC37FD6-0DCF-4295-946D-0B186DDF74A6}.Debug|Any CPU.Build.0 = Debug|Any CPU
		{8FC37FD6-0DCF-4295-946D-0B186DDF74A6}.Release|Any CPU.ActiveCfg = Release|Any CPU
		{8FC37FD6-0DCF-4295-946D-0B186DDF74A6}.Release|Any CPU.Build.0 = Release|Any CPU
	EndGlobalSection
	GlobalSection(SolutionProperties) = preSolution
		HideSolutionNode = FALSE
	EndGlobalSection
	GlobalSection(ExtensibilityGlobals) = postSolution
		SolutionGuid = {D4CB5427-E689-4109-B392-AAA347401255}
	EndGlobalSection
EndGlobal
